
Microsoft Visual Studio Solution File, Format Version 12.00
# Visual Studio 15
VisualStudioVersion = 15.0.27004.2010
MinimumVisualStudioVersion = 10.0.40219.1
Project("{FAE04EC0-301F-11D3-BF4B-00C04F79EFBC}") = "IoC_Container_Practice", "IoC_Container_Practice\IoC_Container_Practice.csproj", "{2A316BAA-3BE9-4E79-8853-90E3E1F716A8}"
EndProject
Project("{FAE04EC0-301F-11D3-BF4B-00C04F79EFBC}") = "IoC_Container_Practice.Tests", "IoC_Container_Practice.Tests\IoC_Container_Practice.Tests.csproj", "{BB67E5F8-AC8B-4D91-A148-32F4E14FFD7C}"
EndProject
Project("{FAE04EC0-301F-11D3-BF4B-00C04F79EFBC}") = "Container", "Container\Container.csproj", "{CBACABAA-706D-4BF3-A92C-FDDE87136939}"
EndProject
Global
	GlobalSection(SolutionConfigurationPlatforms) = preSolution
		Debug|Any CPU = Debug|Any CPU
		Release|Any CPU = Release|Any CPU
	EndGlobalSection
	GlobalSection(ProjectConfigurationPlatforms) = postSolution
		{2A316BAA-3BE9-4E79-8853-90E3E1F716A8}.Debug|Any CPU.ActiveCfg = Debug|Any CPU
		{2A316BAA-3BE9-4E79-8853-90E3E1F716A8}.Debug|Any CPU.Build.0 = Debug|Any CPU
		{2A316BAA-3BE9-4E79-8853-90E3E1F716A8}.Release|Any CPU.ActiveCfg = Release|Any CPU
		{2A316BAA-3BE9-4E79-8853-90E3E1F716A8}.Release|Any CPU.Build.0 = Release|Any CPU
		{BB67E5F8-AC8B-4D91-A148-32F4E14FFD7C}.Debug|Any CPU.ActiveCfg = Debug|Any CPU
		{BB67E5F8-AC8B-4D91-A148-32F4E14FFD7C}.Debug|Any CPU.Build.0 = Debug|Any CPU
		{BB67E5F8-AC8B-4D91-A148-32F4E14FFD7C}.Release|Any CPU.ActiveCfg = Release|Any CPU
		{BB67E5F8-AC8B-4D91-A148-32F4E14FFD7C}.Release|Any CPU.Build.0 = Release|Any CPU
		{CBACABAA-706D-4BF3-A92C-FDDE87136939}.Debug|Any CPU.ActiveCfg = Debug|Any CPU
		{CBACABAA-706D-4BF3-A92C-FDDE87136939}.Debug|Any CPU.Build.0 = Debug|Any CPU
		{CBACABAA-706D-4BF3-A92C-FDDE87136939}.Release|Any CPU.ActiveCfg = Release|Any CPU
		{CBACABAA-706D-4BF3-A92C-FDDE87136939}.Release|Any CPU.Build.0 = Release|Any CPU
	EndGlobalSection
	GlobalSection(SolutionProperties) = preSolution
		HideSolutionNode = FALSE
	EndGlobalSection
	GlobalSection(ExtensibilityGlobals) = postSolution
		SolutionGuid = {D2D3AA6F-0440-4972-8107-67DFE87D5953}
	EndGlobalSection
EndGlobal
